
Microsoft Visual Studio Solution File, Format Version 12.00
# Visual Studio Version 16
VisualStudioVersion = 16.0.31205.134
MinimumVisualStudioVersion = 10.0.40219.1
Project("{FAE04EC0-301F-11D3-BF4B-00C04F79EFBC}") = "Polymorphism Exercise", "Polymorphism Exercise\Polymorphism Exercise.csproj", "{512124D6-B8AB-4943-BDB9-04AE878A402B}"
EndProject
Global
	GlobalSection(SolutionConfigurationPlatforms) = preSolution
		Debug|Any CPU = Debug|Any CPU
		Release|Any CPU = Release|Any CPU
	EndGlobalSection
	GlobalSection(ProjectConfigurationPlatforms) = postSolution
		{512124D6-B8AB-4943-BDB9-04AE878A402B}.Debug|Any CPU.ActiveCfg = Debug|Any CPU
		{512124D6-B8AB-4943-BDB9-04AE878A402B}.Debug|Any CPU.Build.0 = Debug|Any CPU
		{512124D6-B8AB-4943-BDB9-04AE878A402B}.Release|Any CPU.ActiveCfg = Release|Any CPU
		{512124D6-B8AB-4943-BDB9-04AE878A402B}.Release|Any CPU.Build.0 = Release|Any CPU
	EndGlobalSection
	GlobalSection(SolutionProperties) = preSolution
		HideSolutionNode = FALSE
	EndGlobalSection
	GlobalSection(ExtensibilityGlobals) = postSolution
		SolutionGuid = {FAB1BF1E-2440-4EC0-B027-B2B49987612B}
	EndGlobalSection
EndGlobal
